
Microsoft Visual Studio Solution File, Format Version 12.00
# Visual Studio 14
VisualStudioVersion = 14.0.24720.0
MinimumVisualStudioVersion = 10.0.40219.1
Project("{2150E333-8FDC-42A3-9474-1A3956D46DE8}") = "Core", "Core", "{4F8951F5-87F8-4C0E-B53B-ADA2F1207F98}"
EndProject
Project("{FAE04EC0-301F-11D3-BF4B-00C04F79EFBC}") = "Game.Core.Interfaces", "Core\Game.Core.Interfaces\Game.Core.Interfaces.csproj", "{44E7F299-F2DC-49A6-B501-1D3FCFEB1C56}"
EndProject
Project("{FAE04EC0-301F-11D3-BF4B-00C04F79EFBC}") = "Game.Core.GameManager", "Core\Game.Core.GameSession\Game.Core.GameManager.csproj", "{92C35456-1699-4F4A-B199-0D595416BC92}"
EndProject
Project("{FAE04EC0-301F-11D3-BF4B-00C04F79EFBC}") = "GameApp", "GameApp\GameApp.csproj", "{E5C7C308-A842-4CD0-AE62-6CC30F8459B2}"
EndProject
Global
	GlobalSection(SolutionConfigurationPlatforms) = preSolution
		Debug|Any CPU = Debug|Any CPU
		Release|Any CPU = Release|Any CPU
	EndGlobalSection
	GlobalSection(ProjectConfigurationPlatforms) = postSolution
		{44E7F299-F2DC-49A6-B501-1D3FCFEB1C56}.Debug|Any CPU.ActiveCfg = Debug|Any CPU
		{44E7F299-F2DC-49A6-B501-1D3FCFEB1C56}.Debug|Any CPU.Build.0 = Debug|Any CPU
		{44E7F299-F2DC-49A6-B501-1D3FCFEB1C56}.Release|Any CPU.ActiveCfg = Release|Any CPU
		{44E7F299-F2DC-49A6-B501-1D3FCFEB1C56}.Release|Any CPU.Build.0 = Release|Any CPU
		{92C35456-1699-4F4A-B199-0D595416BC92}.Debug|Any CPU.ActiveCfg = Debug|Any CPU
		{92C35456-1699-4F4A-B199-0D595416BC92}.Debug|Any CPU.Build.0 = Debug|Any CPU
		{92C35456-1699-4F4A-B199-0D595416BC92}.Release|Any CPU.ActiveCfg = Release|Any CPU
		{92C35456-1699-4F4A-B199-0D595416BC92}.Release|Any CPU.Build.0 = Release|Any CPU
		{E5C7C308-A842-4CD0-AE62-6CC30F8459B2}.Debug|Any CPU.ActiveCfg = Debug|Any CPU
		{E5C7C308-A842-4CD0-AE62-6CC30F8459B2}.Debug|Any CPU.Build.0 = Debug|Any CPU
		{E5C7C308-A842-4CD0-AE62-6CC30F8459B2}.Release|Any CPU.ActiveCfg = Release|Any CPU
		{E5C7C308-A842-4CD0-AE62-6CC30F8459B2}.Release|Any CPU.Build.0 = Release|Any CPU
	EndGlobalSection
	GlobalSection(SolutionProperties) = preSolution
		HideSolutionNode = FALSE
	EndGlobalSection
	GlobalSection(NestedProjects) = preSolution
		{44E7F299-F2DC-49A6-B501-1D3FCFEB1C56} = {4F8951F5-87F8-4C0E-B53B-ADA2F1207F98}
		{92C35456-1699-4F4A-B199-0D595416BC92} = {4F8951F5-87F8-4C0E-B53B-ADA2F1207F98}
	EndGlobalSection
EndGlobal
