
Microsoft Visual Studio Solution File, Format Version 12.00
# Visual Studio 14
VisualStudioVersion = 14.0.24720.0
MinimumVisualStudioVersion = 10.0.40219.1
Project("{FAE04EC0-301F-11D3-BF4B-00C04F79EFBC}") = "Game", "Game\Game.csproj", "{4C7E2086-ED70-475F-9191-9C45EBEB176D}"
EndProject
Project("{2150E333-8FDC-42A3-9474-1A3956D46DE8}") = "Map", "Map", "{D065094E-FF32-46DD-A688-E1C0CBC26606}"
EndProject
Project("{FAE04EC0-301F-11D3-BF4B-00C04F79EFBC}") = "Game.Map.Interfaces", "Map\Game.Map.Interfaces\Game.Map.Interfaces.csproj", "{A3D6FF35-BF27-4230-91EB-8EDD14CC409B}"
EndProject
Project("{FAE04EC0-301F-11D3-BF4B-00C04F79EFBC}") = "Game.Map.Implementation", "Map\Game.Map.Implementation\Game.Map.Implementation.csproj", "{785FB3E2-8C86-45A2-9949-17E94C0D3D24}"
EndProject
Project("{2150E333-8FDC-42A3-9474-1A3956D46DE8}") = "IoCResolver", "IoCResolver", "{98263789-E522-4FE8-9C08-9ABA29D98652}"
EndProject
Project("{FAE04EC0-301F-11D3-BF4B-00C04F79EFBC}") = "Game.IoC", "IoCResolver\Game.IoC\Game.IoC.csproj", "{19E04FF3-A98E-4F4F-9685-4719485F8FF0}"
EndProject
Project("{FAE04EC0-301F-11D3-BF4B-00C04F79EFBC}") = "Game.IoC.Implementation", "IoCResolver\Game.IoC.Implementation\Game.IoC.Implementation.csproj", "{CBB10D15-9D6C-4533-921C-B1AE09B47B28}"
EndProject
Project("{2150E333-8FDC-42A3-9474-1A3956D46DE8}") = "Player", "Player", "{8A441503-ABD9-468C-8FBE-5106C213341C}"
EndProject
Project("{FAE04EC0-301F-11D3-BF4B-00C04F79EFBC}") = "Game.Player.Interfaces", "Player\Game.Player.Interfaces\Game.Player.Interfaces.csproj", "{CDE54B63-7C60-49EA-8737-A09BD6F1C7FA}"
EndProject
Project("{FAE04EC0-301F-11D3-BF4B-00C04F79EFBC}") = "Game.Player.Implementation", "Player\Game.Player.Implementation\Game.Player.Implementation.csproj", "{29DF4A25-B9F3-49FA-ABD0-AA16E9A65B9E}"
EndProject
Project("{2150E333-8FDC-42A3-9474-1A3956D46DE8}") = "Core", "Core", "{4F8951F5-87F8-4C0E-B53B-ADA2F1207F98}"
EndProject
Project("{FAE04EC0-301F-11D3-BF4B-00C04F79EFBC}") = "Game.Core.Location", "Core\Game.Core.Location\Game.Core.Location.csproj", "{43CA92CA-144F-463C-B2B4-47185AAAFC7F}"
EndProject
Project("{FAE04EC0-301F-11D3-BF4B-00C04F79EFBC}") = "Game.Core.Interfaces", "Core\Game.Core.Interfaces\Game.Core.Interfaces.csproj", "{44E7F299-F2DC-49A6-B501-1D3FCFEB1C56}"
EndProject
Project("{FAE04EC0-301F-11D3-BF4B-00C04F79EFBC}") = "Game.Core.GameSession", "Core\Game.Core.GameSession\Game.Core.GameSession.csproj", "{92C35456-1699-4F4A-B199-0D595416BC92}"
EndProject
Project("{FAE04EC0-301F-11D3-BF4B-00C04F79EFBC}") = "Game.Core.UI", "Core\Game.Core.UI\Game.Core.UI.csproj", "{815275FD-38C1-4623-B985-15C5AEC56CF3}"
EndProject
Global
	GlobalSection(SolutionConfigurationPlatforms) = preSolution
		Debug|Any CPU = Debug|Any CPU
		Release|Any CPU = Release|Any CPU
	EndGlobalSection
	GlobalSection(ProjectConfigurationPlatforms) = postSolution
		{4C7E2086-ED70-475F-9191-9C45EBEB176D}.Debug|Any CPU.ActiveCfg = Debug|Any CPU
		{4C7E2086-ED70-475F-9191-9C45EBEB176D}.Debug|Any CPU.Build.0 = Debug|Any CPU
		{4C7E2086-ED70-475F-9191-9C45EBEB176D}.Release|Any CPU.ActiveCfg = Release|Any CPU
		{4C7E2086-ED70-475F-9191-9C45EBEB176D}.Release|Any CPU.Build.0 = Release|Any CPU
		{A3D6FF35-BF27-4230-91EB-8EDD14CC409B}.Debug|Any CPU.ActiveCfg = Debug|Any CPU
		{A3D6FF35-BF27-4230-91EB-8EDD14CC409B}.Debug|Any CPU.Build.0 = Debug|Any CPU
		{A3D6FF35-BF27-4230-91EB-8EDD14CC409B}.Release|Any CPU.ActiveCfg = Release|Any CPU
		{A3D6FF35-BF27-4230-91EB-8EDD14CC409B}.Release|Any CPU.Build.0 = Release|Any CPU
		{785FB3E2-8C86-45A2-9949-17E94C0D3D24}.Debug|Any CPU.ActiveCfg = Debug|Any CPU
		{785FB3E2-8C86-45A2-9949-17E94C0D3D24}.Debug|Any CPU.Build.0 = Debug|Any CPU
		{785FB3E2-8C86-45A2-9949-17E94C0D3D24}.Release|Any CPU.ActiveCfg = Release|Any CPU
		{785FB3E2-8C86-45A2-9949-17E94C0D3D24}.Release|Any CPU.Build.0 = Release|Any CPU
		{19E04FF3-A98E-4F4F-9685-4719485F8FF0}.Debug|Any CPU.ActiveCfg = Debug|Any CPU
		{19E04FF3-A98E-4F4F-9685-4719485F8FF0}.Debug|Any CPU.Build.0 = Debug|Any CPU
		{19E04FF3-A98E-4F4F-9685-4719485F8FF0}.Release|Any CPU.ActiveCfg = Release|Any CPU
		{19E04FF3-A98E-4F4F-9685-4719485F8FF0}.Release|Any CPU.Build.0 = Release|Any CPU
		{CBB10D15-9D6C-4533-921C-B1AE09B47B28}.Debug|Any CPU.ActiveCfg = Debug|Any CPU
		{CBB10D15-9D6C-4533-921C-B1AE09B47B28}.Debug|Any CPU.Build.0 = Debug|Any CPU
		{CBB10D15-9D6C-4533-921C-B1AE09B47B28}.Release|Any CPU.ActiveCfg = Release|Any CPU
		{CBB10D15-9D6C-4533-921C-B1AE09B47B28}.Release|Any CPU.Build.0 = Release|Any CPU
		{CDE54B63-7C60-49EA-8737-A09BD6F1C7FA}.Debug|Any CPU.ActiveCfg = Debug|Any CPU
		{CDE54B63-7C60-49EA-8737-A09BD6F1C7FA}.Debug|Any CPU.Build.0 = Debug|Any CPU
		{CDE54B63-7C60-49EA-8737-A09BD6F1C7FA}.Release|Any CPU.ActiveCfg = Release|Any CPU
		{CDE54B63-7C60-49EA-8737-A09BD6F1C7FA}.Release|Any CPU.Build.0 = Release|Any CPU
		{29DF4A25-B9F3-49FA-ABD0-AA16E9A65B9E}.Debug|Any CPU.ActiveCfg = Debug|Any CPU
		{29DF4A25-B9F3-49FA-ABD0-AA16E9A65B9E}.Debug|Any CPU.Build.0 = Debug|Any CPU
		{29DF4A25-B9F3-49FA-ABD0-AA16E9A65B9E}.Release|Any CPU.ActiveCfg = Release|Any CPU
		{29DF4A25-B9F3-49FA-ABD0-AA16E9A65B9E}.Release|Any CPU.Build.0 = Release|Any CPU
		{43CA92CA-144F-463C-B2B4-47185AAAFC7F}.Debug|Any CPU.ActiveCfg = Debug|Any CPU
		{43CA92CA-144F-463C-B2B4-47185AAAFC7F}.Debug|Any CPU.Build.0 = Debug|Any CPU
		{43CA92CA-144F-463C-B2B4-47185AAAFC7F}.Release|Any CPU.ActiveCfg = Release|Any CPU
		{43CA92CA-144F-463C-B2B4-47185AAAFC7F}.Release|Any CPU.Build.0 = Release|Any CPU
		{44E7F299-F2DC-49A6-B501-1D3FCFEB1C56}.Debug|Any CPU.ActiveCfg = Debug|Any CPU
		{44E7F299-F2DC-49A6-B501-1D3FCFEB1C56}.Debug|Any CPU.Build.0 = Debug|Any CPU
		{44E7F299-F2DC-49A6-B501-1D3FCFEB1C56}.Release|Any CPU.ActiveCfg = Release|Any CPU
		{44E7F299-F2DC-49A6-B501-1D3FCFEB1C56}.Release|Any CPU.Build.0 = Release|Any CPU
		{92C35456-1699-4F4A-B199-0D595416BC92}.Debug|Any CPU.ActiveCfg = Debug|Any CPU
		{92C35456-1699-4F4A-B199-0D595416BC92}.Debug|Any CPU.Build.0 = Debug|Any CPU
		{92C35456-1699-4F4A-B199-0D595416BC92}.Release|Any CPU.ActiveCfg = Release|Any CPU
		{92C35456-1699-4F4A-B199-0D595416BC92}.Release|Any CPU.Build.0 = Release|Any CPU
		{815275FD-38C1-4623-B985-15C5AEC56CF3}.Debug|Any CPU.ActiveCfg = Debug|Any CPU
		{815275FD-38C1-4623-B985-15C5AEC56CF3}.Debug|Any CPU.Build.0 = Debug|Any CPU
		{815275FD-38C1-4623-B985-15C5AEC56CF3}.Release|Any CPU.ActiveCfg = Release|Any CPU
		{815275FD-38C1-4623-B985-15C5AEC56CF3}.Release|Any CPU.Build.0 = Release|Any CPU
	EndGlobalSection
	GlobalSection(SolutionProperties) = preSolution
		HideSolutionNode = FALSE
	EndGlobalSection
	GlobalSection(NestedProjects) = preSolution
		{A3D6FF35-BF27-4230-91EB-8EDD14CC409B} = {D065094E-FF32-46DD-A688-E1C0CBC26606}
		{785FB3E2-8C86-45A2-9949-17E94C0D3D24} = {D065094E-FF32-46DD-A688-E1C0CBC26606}
		{19E04FF3-A98E-4F4F-9685-4719485F8FF0} = {98263789-E522-4FE8-9C08-9ABA29D98652}
		{CBB10D15-9D6C-4533-921C-B1AE09B47B28} = {98263789-E522-4FE8-9C08-9ABA29D98652}
		{CDE54B63-7C60-49EA-8737-A09BD6F1C7FA} = {8A441503-ABD9-468C-8FBE-5106C213341C}
		{29DF4A25-B9F3-49FA-ABD0-AA16E9A65B9E} = {8A441503-ABD9-468C-8FBE-5106C213341C}
		{43CA92CA-144F-463C-B2B4-47185AAAFC7F} = {4F8951F5-87F8-4C0E-B53B-ADA2F1207F98}
		{44E7F299-F2DC-49A6-B501-1D3FCFEB1C56} = {4F8951F5-87F8-4C0E-B53B-ADA2F1207F98}
		{92C35456-1699-4F4A-B199-0D595416BC92} = {4F8951F5-87F8-4C0E-B53B-ADA2F1207F98}
		{815275FD-38C1-4623-B985-15C5AEC56CF3} = {4F8951F5-87F8-4C0E-B53B-ADA2F1207F98}
	EndGlobalSection
EndGlobal
